// !$*UTF8*$!
{
	archiveVersion = 1;
	classes = {
	};
	objectVersion = 56;
	objects = {

/* Begin PBXBuildFile section */
		F5511686291559660047E0E7 /* Business.swift in Sources */ = {isa = PBXBuildFile; fileRef = F5511685291559660047E0E7 /* Business.swift */; };
		F551168829156E3F0047E0E7 /* BusinessSearch.swift in Sources */ = {isa = PBXBuildFile; fileRef = F551168729156E3F0047E0E7 /* BusinessSearch.swift */; };
		F551168B291574510047E0E7 /* Constants.swift in Sources */ = {isa = PBXBuildFile; fileRef = F551168A291574510047E0E7 /* Constants.swift */; };
		F59B24402912DB1600E7EAA1 /* Favorite_sity_placesApp.swift in Sources */ = {isa = PBXBuildFile; fileRef = F59B243F2912DB1600E7EAA1 /* Favorite_sity_placesApp.swift */; };
		F59B24422912DB1600E7EAA1 /* LaunchView.swift in Sources */ = {isa = PBXBuildFile; fileRef = F59B24412912DB1600E7EAA1 /* LaunchView.swift */; };
		F59B24442912DB1700E7EAA1 /* Assets.xcassets in Resources */ = {isa = PBXBuildFile; fileRef = F59B24432912DB1700E7EAA1 /* Assets.xcassets */; };
		F59B24472912DB1700E7EAA1 /* Preview Assets.xcassets in Resources */ = {isa = PBXBuildFile; fileRef = F59B24462912DB1700E7EAA1 /* Preview Assets.xcassets */; };
		F59B24512912DCD400E7EAA1 /* ContentModel.swift in Sources */ = {isa = PBXBuildFile; fileRef = F59B24502912DCD400E7EAA1 /* ContentModel.swift */; };
/* End PBXBuildFile section */

/* Begin PBXFileReference section */
		F5511685291559660047E0E7 /* Business.swift */ = {isa = PBXFileReference; lastKnownFileType = sourcecode.swift; path = Business.swift; sourceTree = "<group>"; };
		F551168729156E3F0047E0E7 /* BusinessSearch.swift */ = {isa = PBXFileReference; lastKnownFileType = sourcecode.swift; path = BusinessSearch.swift; sourceTree = "<group>"; };
		F551168A291574510047E0E7 /* Constants.swift */ = {isa = PBXFileReference; lastKnownFileType = sourcecode.swift; path = Constants.swift; sourceTree = "<group>"; };
		F59B243C2912DB1600E7EAA1 /* Favorite sity places.app */ = {isa = PBXFileReference; explicitFileType = wrapper.application; includeInIndex = 0; path = "Favorite sity places.app"; sourceTree = BUILT_PRODUCTS_DIR; };
		F59B243F2912DB1600E7EAA1 /* Favorite_sity_placesApp.swift */ = {isa = PBXFileReference; lastKnownFileType = sourcecode.swift; path = Favorite_sity_placesApp.swift; sourceTree = "<group>"; };
		F59B24412912DB1600E7EAA1 /* LaunchView.swift */ = {isa = PBXFileReference; lastKnownFileType = sourcecode.swift; path = LaunchView.swift; sourceTree = "<group>"; };
		F59B24432912DB1700E7EAA1 /* Assets.xcassets */ = {isa = PBXFileReference; lastKnownFileType = folder.assetcatalog; path = Assets.xcassets; sourceTree = "<group>"; };
		F59B24462912DB1700E7EAA1 /* Preview Assets.xcassets */ = {isa = PBXFileReference; lastKnownFileType = folder.assetcatalog; path = "Preview Assets.xcassets"; sourceTree = "<group>"; };
		F59B24502912DCD400E7EAA1 /* ContentModel.swift */ = {isa = PBXFileReference; lastKnownFileType = sourcecode.swift; path = ContentModel.swift; sourceTree = "<group>"; };
/* End PBXFileReference section */

/* Begin PBXFrameworksBuildPhase section */
		F59B24392912DB1600E7EAA1 /* Frameworks */ = {
			isa = PBXFrameworksBuildPhase;
			buildActionMask = 2147483647;
			files = (
			);
			runOnlyForDeploymentPostprocessing = 0;
		};
/* End PBXFrameworksBuildPhase section */

/* Begin PBXGroup section */
		F5511689291573E00047E0E7 /* Helpers */ = {
			isa = PBXGroup;
			children = (
				F551168A291574510047E0E7 /* Constants.swift */,
			);
			path = Helpers;
			sourceTree = "<group>";
		};
		F59B24332912DB1600E7EAA1 = {
			isa = PBXGroup;
			children = (
				F59B243E2912DB1600E7EAA1 /* Favorite sity places */,
				F59B243D2912DB1600E7EAA1 /* Products */,
			);
			sourceTree = "<group>";
		};
		F59B243D2912DB1600E7EAA1 /* Products */ = {
			isa = PBXGroup;
			children = (
				F59B243C2912DB1600E7EAA1 /* Favorite sity places.app */,
			);
			name = Products;
			sourceTree = "<group>";
		};
		F59B243E2912DB1600E7EAA1 /* Favorite sity places */ = {
			isa = PBXGroup;
			children = (
				F59B243F2912DB1600E7EAA1 /* Favorite_sity_placesApp.swift */,
				F59B244F2912DB8200E7EAA1 /* Views */,
				F59B244E2912DB7800E7EAA1 /* ViewModels */,
				F59B244D2912DB6E00E7EAA1 /* Models */,
				F5511689291573E00047E0E7 /* Helpers */,
				F59B24432912DB1700E7EAA1 /* Assets.xcassets */,
				F59B24452912DB1700E7EAA1 /* Preview Content */,
			);
			path = "Favorite sity places";
			sourceTree = "<group>";
		};
		F59B24452912DB1700E7EAA1 /* Preview Content */ = {
			isa = PBXGroup;
			children = (
				F59B24462912DB1700E7EAA1 /* Preview Assets.xcassets */,
			);
			path = "Preview Content";
			sourceTree = "<group>";
		};
		F59B244D2912DB6E00E7EAA1 /* Models */ = {
			isa = PBXGroup;
			children = (
				F5511685291559660047E0E7 /* Business.swift */,
				F551168729156E3F0047E0E7 /* BusinessSearch.swift */,
			);
			path = Models;
			sourceTree = "<group>";
		};
		F59B244E2912DB7800E7EAA1 /* ViewModels */ = {
			isa = PBXGroup;
			children = (
				F59B24502912DCD400E7EAA1 /* ContentModel.swift */,
			);
			path = ViewModels;
			sourceTree = "<group>";
		};
		F59B244F2912DB8200E7EAA1 /* Views */ = {
			isa = PBXGroup;
			children = (
				F59B24412912DB1600E7EAA1 /* LaunchView.swift */,
			);
			path = Views;
			sourceTree = "<group>";
		};
/* End PBXGroup section */

/* Begin PBXNativeTarget section */
		F59B243B2912DB1600E7EAA1 /* Favorite sity places */ = {
			isa = PBXNativeTarget;
			buildConfigurationList = F59B244A2912DB1700E7EAA1 /* Build configuration list for PBXNativeTarget "Favorite sity places" */;
			buildPhases = (
				F59B24382912DB1600E7EAA1 /* Sources */,
				F59B24392912DB1600E7EAA1 /* Frameworks */,
				F59B243A2912DB1600E7EAA1 /* Resources */,
			);
			buildRules = (
			);
			dependencies = (
			);
			name = "Favorite sity places";
			productName = "Favorite sity places";
			productReference = F59B243C2912DB1600E7EAA1 /* Favorite sity places.app */;
			productType = "com.apple.product-type.application";
		};
/* End PBXNativeTarget section */

/* Begin PBXProject section */
		F59B24342912DB1600E7EAA1 /* Project object */ = {
			isa = PBXProject;
			attributes = {
				BuildIndependentTargetsInParallel = 1;
				LastSwiftUpdateCheck = 1400;
				LastUpgradeCheck = 1400;
				TargetAttributes = {
					F59B243B2912DB1600E7EAA1 = {
						CreatedOnToolsVersion = 14.0.1;
					};
				};
			};
			buildConfigurationList = F59B24372912DB1600E7EAA1 /* Build configuration list for PBXProject "Favorite sity places" */;
			compatibilityVersion = "Xcode 14.0";
			developmentRegion = en;
			hasScannedForEncodings = 0;
			knownRegions = (
				en,
				Base,
			);
			mainGroup = F59B24332912DB1600E7EAA1;
			productRefGroup = F59B243D2912DB1600E7EAA1 /* Products */;
			projectDirPath = "";
			projectRoot = "";
			targets = (
				F59B243B2912DB1600E7EAA1 /* Favorite sity places */,
			);
		};
/* End PBXProject section */

/* Begin PBXResourcesBuildPhase section */
		F59B243A2912DB1600E7EAA1 /* Resources */ = {
			isa = PBXResourcesBuildPhase;
			buildActionMask = 2147483647;
			files = (
				F59B24472912DB1700E7EAA1 /* Preview Assets.xcassets in Resources */,
				F59B24442912DB1700E7EAA1 /* Assets.xcassets in Resources */,
			);
			runOnlyForDeploymentPostprocessing = 0;
		};
/* End PBXResourcesBuildPhase section */

/* Begin PBXSourcesBuildPhase section */
		F59B24382912DB1600E7EAA1 /* Sources */ = {
			isa = PBXSourcesBuildPhase;
			buildActionMask = 2147483647;
			files = (
				F59B24422912DB1600E7EAA1 /* LaunchView.swift in Sources */,
				F5511686291559660047E0E7 /* Business.swift in Sources */,
				F59B24402912DB1600E7EAA1 /* Favorite_sity_placesApp.swift in Sources */,
				F551168829156E3F0047E0E7 /* BusinessSearch.swift in Sources */,
				F59B24512912DCD400E7EAA1 /* ContentModel.swift in Sources */,
				F551168B291574510047E0E7 /* Constants.swift in Sources */,
			);
			runOnlyForDeploymentPostprocessing = 0;
		};
/* End PBXSourcesBuildPhase section */

/* Begin XCBuildConfiguration section */
		F59B24482912DB1700E7EAA1 /* Debug */ = {
			isa = XCBuildConfiguration;
			buildSettings = {
				ALWAYS_SEARCH_USER_PATHS = NO;
				CLANG_ANALYZER_NONNULL = YES;
				CLANG_ANALYZER_NUMBER_OBJECT_CONVERSION = YES_AGGRESSIVE;
				CLANG_CXX_LANGUAGE_STANDARD = "gnu++20";
				CLANG_ENABLE_MODULES = YES;
				CLANG_ENABLE_OBJC_ARC = YES;
				CLANG_ENABLE_OBJC_WEAK = YES;
				CLANG_WARN_BLOCK_CAPTURE_AUTORELEASING = YES;
				CLANG_WARN_BOOL_CONVERSION = YES;
				CLANG_WARN_COMMA = YES;
				CLANG_WARN_CONSTANT_CONVERSION = YES;
				CLANG_WARN_DEPRECATED_OBJC_IMPLEMENTATIONS = YES;
				CLANG_WARN_DIRECT_OBJC_ISA_USAGE = YES_ERROR;
				CLANG_WARN_DOCUMENTATION_COMMENTS = YES;
				CLANG_WARN_EMPTY_BODY = YES;
				CLANG_WARN_ENUM_CONVERSION = YES;
				CLANG_WARN_INFINITE_RECURSION = YES;
				CLANG_WARN_INT_CONVERSION = YES;
				CLANG_WARN_NON_LITERAL_NULL_CONVERSION = YES;
				CLANG_WARN_OBJC_IMPLICIT_RETAIN_SELF = YES;
				CLANG_WARN_OBJC_LITERAL_CONVERSION = YES;
				CLANG_WARN_OBJC_ROOT_CLASS = YES_ERROR;
				CLANG_WARN_QUOTED_INCLUDE_IN_FRAMEWORK_HEADER = YES;
				CLANG_WARN_RANGE_LOOP_ANALYSIS = YES;
				CLANG_WARN_STRICT_PROTOTYPES = YES;
				CLANG_WARN_SUSPICIOUS_MOVE = YES;
				CLANG_WARN_UNGUARDED_AVAILABILITY = YES_AGGRESSIVE;
				CLANG_WARN_UNREACHABLE_CODE = YES;
				CLANG_WARN__DUPLICATE_METHOD_MATCH = YES;
				COPY_PHASE_STRIP = NO;
				DEBUG_INFORMATION_FORMAT = dwarf;
				ENABLE_STRICT_OBJC_MSGSEND = YES;
				ENABLE_TESTABILITY = YES;
				GCC_C_LANGUAGE_STANDARD = gnu11;
				GCC_DYNAMIC_NO_PIC = NO;
				GCC_NO_COMMON_BLOCKS = YES;
				GCC_OPTIMIZATION_LEVEL = 0;
				GCC_PREPROCESSOR_DEFINITIONS = (
					"DEBUG=1",
					"$(inherited)",
				);
				GCC_WARN_64_TO_32_BIT_CONVERSION = YES;
				GCC_WARN_ABOUT_RETURN_TYPE = YES_ERROR;
				GCC_WARN_UNDECLARED_SELECTOR = YES;
				GCC_WARN_UNINITIALIZED_AUTOS = YES_AGGRESSIVE;
				GCC_WARN_UNUSED_FUNCTION = YES;
				GCC_WARN_UNUSED_VARIABLE = YES;
				IPHONEOS_DEPLOYMENT_TARGET = 16.0;
				MTL_ENABLE_DEBUG_INFO = INCLUDE_SOURCE;
				MTL_FAST_MATH = YES;
				ONLY_ACTIVE_ARCH = YES;
				SDKROOT = iphoneos;
				SWIFT_ACTIVE_COMPILATION_CONDITIONS = DEBUG;
				SWIFT_OPTIMIZATION_LEVEL = "-Onone";
			};
			name = Debug;
		};
		F59B24492912DB1700E7EAA1 /* Release */ = {
			isa = XCBuildConfiguration;
			buildSettings = {
				ALWAYS_SEARCH_USER_PATHS = NO;
				CLANG_ANALYZER_NONNULL = YES;
				CLANG_ANALYZER_NUMBER_OBJECT_CONVERSION = YES_AGGRESSIVE;
				CLANG_CXX_LANGUAGE_STANDARD = "gnu++20";
				CLANG_ENABLE_MODULES = YES;
				CLANG_ENABLE_OBJC_ARC = YES;
				CLANG_ENABLE_OBJC_WEAK = YES;
				CLANG_WARN_BLOCK_CAPTURE_AUTORELEASING = YES;
				CLANG_WARN_BOOL_CONVERSION = YES;
				CLANG_WARN_COMMA = YES;
				CLANG_WARN_CONSTANT_CONVERSION = YES;
				CLANG_WARN_DEPRECATED_OBJC_IMPLEMENTATIONS = YES;
				CLANG_WARN_DIRECT_OBJC_ISA_USAGE = YES_ERROR;
				CLANG_WARN_DOCUMENTATION_COMMENTS = YES;
				CLANG_WARN_EMPTY_BODY = YES;
				CLANG_WARN_ENUM_CONVERSION = YES;
				CLANG_WARN_INFINITE_RECURSION = YES;
				CLANG_WARN_INT_CONVERSION = YES;
				CLANG_WARN_NON_LITERAL_NULL_CONVERSION = YES;
				CLANG_WARN_OBJC_IMPLICIT_RETAIN_SELF = YES;
				CLANG_WARN_OBJC_LITERAL_CONVERSION = YES;
				CLANG_WARN_OBJC_ROOT_CLASS = YES_ERROR;
				CLANG_WARN_QUOTED_INCLUDE_IN_FRAMEWORK_HEADER = YES;
				CLANG_WARN_RANGE_LOOP_ANALYSIS = YES;
				CLANG_WARN_STRICT_PROTOTYPES = YES;
				CLANG_WARN_SUSPICIOUS_MOVE = YES;
				CLANG_WARN_UNGUARDED_AVAILABILITY = YES_AGGRESSIVE;
				CLANG_WARN_UNREACHABLE_CODE = YES;
				CLANG_WARN__DUPLICATE_METHOD_MATCH = YES;
				COPY_PHASE_STRIP = NO;
				DEBUG_INFORMATION_FORMAT = "dwarf-with-dsym";
				ENABLE_NS_ASSERTIONS = NO;
				ENABLE_STRICT_OBJC_MSGSEND = YES;
				GCC_C_LANGUAGE_STANDARD = gnu11;
				GCC_NO_COMMON_BLOCKS = YES;
				GCC_WARN_64_TO_32_BIT_CONVERSION = YES;
				GCC_WARN_ABOUT_RETURN_TYPE = YES_ERROR;
				GCC_WARN_UNDECLARED_SELECTOR = YES;
				GCC_WARN_UNINITIALIZED_AUTOS = YES_AGGRESSIVE;
				GCC_WARN_UNUSED_FUNCTION = YES;
				GCC_WARN_UNUSED_VARIABLE = YES;
				IPHONEOS_DEPLOYMENT_TARGET = 16.0;
				MTL_ENABLE_DEBUG_INFO = NO;
				MTL_FAST_MATH = YES;
				SDKROOT = iphoneos;
				SWIFT_COMPILATION_MODE = wholemodule;
				SWIFT_OPTIMIZATION_LEVEL = "-O";
				VALIDATE_PRODUCT = YES;
			};
			name = Release;
		};
		F59B244B2912DB1700E7EAA1 /* Debug */ = {
			isa = XCBuildConfiguration;
			buildSettings = {
				ASSETCATALOG_COMPILER_APPICON_NAME = AppIcon;
				ASSETCATALOG_COMPILER_GLOBAL_ACCENT_COLOR_NAME = AccentColor;
				CODE_SIGN_STYLE = Automatic;
				CURRENT_PROJECT_VERSION = 1;
				DEVELOPMENT_ASSET_PATHS = "\"Favorite sity places/Preview Content\"";
				DEVELOPMENT_TEAM = 4CX5V73W34;
				ENABLE_PREVIEWS = YES;
				GENERATE_INFOPLIST_FILE = YES;
				INFOPLIST_KEY_LSApplicationCategoryType = "";
				INFOPLIST_KEY_NSLocationWhenInUseUsageDescription = "Grant permission to find restaurants and sights near you";
				INFOPLIST_KEY_UIApplicationSceneManifest_Generation = YES;
				INFOPLIST_KEY_UIApplicationSupportsIndirectInputEvents = YES;
				INFOPLIST_KEY_UILaunchScreen_Generation = YES;
				INFOPLIST_KEY_UISupportedInterfaceOrientations_iPad = "UIInterfaceOrientationPortrait UIInterfaceOrientationPortraitUpsideDown UIInterfaceOrientationLandscapeLeft UIInterfaceOrientationLandscapeRight";
				INFOPLIST_KEY_UISupportedInterfaceOrientations_iPhone = "UIInterfaceOrientationPortrait UIInterfaceOrientationLandscapeLeft UIInterfaceOrientationLandscapeRight";
				LD_RUNPATH_SEARCH_PATHS = (
					"$(inherited)",
					"@executable_path/Frameworks",
				);
				MARKETING_VERSION = 1.0;
				PRODUCT_BUNDLE_IDENTIFIER = "Version1.Favorite-sity-places";
				PRODUCT_NAME = "$(TARGET_NAME)";
				SWIFT_EMIT_LOC_STRINGS = YES;
				SWIFT_VERSION = 5.0;
				TARGETED_DEVICE_FAMILY = "1,2";
			};
			name = Debug;
		};
		F59B244C2912DB1700E7EAA1 /* Release */ = {
			isa = XCBuildConfiguration;
			buildSettings = {
				ASSETCATALOG_COMPILER_APPICON_NAME = AppIcon;
				ASSETCATALOG_COMPILER_GLOBAL_ACCENT_COLOR_NAME = AccentColor;
				CODE_SIGN_STYLE = Automatic;
				CURRENT_PROJECT_VERSION = 1;
				DEVELOPMENT_ASSET_PATHS = "\"Favorite sity places/Preview Content\"";
				DEVELOPMENT_TEAM = 4CX5V73W34;
				ENABLE_PREVIEWS = YES;
				GENERATE_INFOPLIST_FILE = YES;
				INFOPLIST_KEY_LSApplicationCategoryType = "";
				INFOPLIST_KEY_NSLocationWhenInUseUsageDescription = "Grant permission to find restaurants and sights near you";
				INFOPLIST_KEY_UIApplicationSceneManifest_Generation = YES;
				INFOPLIST_KEY_UIApplicationSupportsIndirectInputEvents = YES;
				INFOPLIST_KEY_UILaunchScreen_Generation = YES;
				INFOPLIST_KEY_UISupportedInterfaceOrientations_iPad = "UIInterfaceOrientationPortrait UIInterfaceOrientationPortraitUpsideDown UIInterfaceOrientationLandscapeLeft UIInterfaceOrientationLandscapeRight";
				INFOPLIST_KEY_UISupportedInterfaceOrientations_iPhone = "UIInterfaceOrientationPortrait UIInterfaceOrientationLandscapeLeft UIInterfaceOrientationLandscapeRight";
				LD_RUNPATH_SEARCH_PATHS = (
					"$(inherited)",
					"@executable_path/Frameworks",
				);
				MARKETING_VERSION = 1.0;
				PRODUCT_BUNDLE_IDENTIFIER = "Version1.Favorite-sity-places";
				PRODUCT_NAME = "$(TARGET_NAME)";
				SWIFT_EMIT_LOC_STRINGS = YES;
				SWIFT_VERSION = 5.0;
				TARGETED_DEVICE_FAMILY = "1,2";
			};
			name = Release;
		};
/* End XCBuildConfiguration section */

/* Begin XCConfigurationList section */
		F59B24372912DB1600E7EAA1 /* Build configuration list for PBXProject "Favorite sity places" */ = {
			isa = XCConfigurationList;
			buildConfigurations = (
				F59B24482912DB1700E7EAA1 /* Debug */,
				F59B24492912DB1700E7EAA1 /* Release */,
			);
			defaultConfigurationIsVisible = 0;
			defaultConfigurationName = Release;
		};
		F59B244A2912DB1700E7EAA1 /* Build configuration list for PBXNativeTarget "Favorite sity places" */ = {
			isa = XCConfigurationList;
			buildConfigurations = (
				F59B244B2912DB1700E7EAA1 /* Debug */,
				F59B244C2912DB1700E7EAA1 /* Release */,
			);
			defaultConfigurationIsVisible = 0;
			defaultConfigurationName = Release;
		};
/* End XCConfigurationList section */
	};
	rootObject = F59B24342912DB1600E7EAA1 /* Project object */;
}
